// !$*UTF8*$!
{
	archiveVersion = 1;
	classes = {
	};
	objectVersion = 50;
	objects = {

/* Begin PBXBuildFile section */
		34988816219F6BA800E83AC2 /* AppDelegate.swift in Sources */ = {isa = PBXBuildFile; fileRef = 34988815219F6BA800E83AC2 /* AppDelegate.swift */; };
		34988818219F6BA800E83AC2 /* FlickerPhotosTableViewController.swift in Sources */ = {isa = PBXBuildFile; fileRef = 34988817219F6BA800E83AC2 /* FlickerPhotosTableViewController.swift */; };
		3498881B219F6BA800E83AC2 /* FlickerPhotosTableViewController.storyboard in Resources */ = {isa = PBXBuildFile; fileRef = 34988819219F6BA800E83AC2 /* FlickerPhotosTableViewController.storyboard */; };
		3498881D219F6BA900E83AC2 /* Assets.xcassets in Resources */ = {isa = PBXBuildFile; fileRef = 3498881C219F6BA900E83AC2 /* Assets.xcassets */; };
		34988820219F6BA900E83AC2 /* LaunchScreen.storyboard in Resources */ = {isa = PBXBuildFile; fileRef = 3498881E219F6BA900E83AC2 /* LaunchScreen.storyboard */; };
		3498882C219F6D9700E83AC2 /* PhotosModel.swift in Sources */ = {isa = PBXBuildFile; fileRef = 3498882B219F6D9700E83AC2 /* PhotosModel.swift */; };
		3498882F219F77A000E83AC2 /* FlickerViewModel.swift in Sources */ = {isa = PBXBuildFile; fileRef = 3498882E219F77A000E83AC2 /* FlickerViewModel.swift */; };
		3498883221A08E1200E83AC2 /* PhotoDetailsTableViewCell.swift in Sources */ = {isa = PBXBuildFile; fileRef = 3498883121A08E1200E83AC2 /* PhotoDetailsTableViewCell.swift */; };
		3498883521A0A1B300E83AC2 /* PhotosRealmModel.swift in Sources */ = {isa = PBXBuildFile; fileRef = 3498883421A0A1B300E83AC2 /* PhotosRealmModel.swift */; };
		A2468BCD92394151DC295E03 /* Pods_WebServicesWithFlicker.framework in Frameworks */ = {isa = PBXBuildFile; fileRef = 1300B1EB183CB411D6F79BC8 /* Pods_WebServicesWithFlicker.framework */; };
/* End PBXBuildFile section */

/* Begin PBXFileReference section */
		1300B1EB183CB411D6F79BC8 /* Pods_WebServicesWithFlicker.framework */ = {isa = PBXFileReference; explicitFileType = wrapper.framework; includeInIndex = 0; path = Pods_WebServicesWithFlicker.framework; sourceTree = BUILT_PRODUCTS_DIR; };
		34988812219F6BA800E83AC2 /* WebServicesWithFlicker.app */ = {isa = PBXFileReference; explicitFileType = wrapper.application; includeInIndex = 0; path = WebServicesWithFlicker.app; sourceTree = BUILT_PRODUCTS_DIR; };
		34988815219F6BA800E83AC2 /* AppDelegate.swift */ = {isa = PBXFileReference; lastKnownFileType = sourcecode.swift; path = AppDelegate.swift; sourceTree = "<group>"; };
		34988817219F6BA800E83AC2 /* FlickerPhotosTableViewController.swift */ = {isa = PBXFileReference; lastKnownFileType = sourcecode.swift; path = FlickerPhotosTableViewController.swift; sourceTree = "<group>"; };
		3498881A219F6BA800E83AC2 /* Base */ = {isa = PBXFileReference; lastKnownFileType = file.storyboard; name = Base; path = Base.lproj/FlickerPhotosTableViewController.storyboard; sourceTree = "<group>"; };
		3498881C219F6BA900E83AC2 /* Assets.xcassets */ = {isa = PBXFileReference; lastKnownFileType = folder.assetcatalog; path = Assets.xcassets; sourceTree = "<group>"; };
		3498881F219F6BA900E83AC2 /* Base */ = {isa = PBXFileReference; lastKnownFileType = file.storyboard; name = Base; path = Base.lproj/LaunchScreen.storyboard; sourceTree = "<group>"; };
		34988821219F6BA900E83AC2 /* Info.plist */ = {isa = PBXFileReference; lastKnownFileType = text.plist.xml; path = Info.plist; sourceTree = "<group>"; };
		3498882B219F6D9700E83AC2 /* PhotosModel.swift */ = {isa = PBXFileReference; lastKnownFileType = sourcecode.swift; path = PhotosModel.swift; sourceTree = "<group>"; };
		3498882E219F77A000E83AC2 /* FlickerViewModel.swift */ = {isa = PBXFileReference; lastKnownFileType = sourcecode.swift; path = FlickerViewModel.swift; sourceTree = "<group>"; };
		3498883121A08E1200E83AC2 /* PhotoDetailsTableViewCell.swift */ = {isa = PBXFileReference; lastKnownFileType = sourcecode.swift; path = PhotoDetailsTableViewCell.swift; sourceTree = "<group>"; };
		3498883421A0A1B300E83AC2 /* PhotosRealmModel.swift */ = {isa = PBXFileReference; lastKnownFileType = sourcecode.swift; path = PhotosRealmModel.swift; sourceTree = "<group>"; };
		37429E820183C2DF719B18E6 /* Pods-WebServicesWithFlicker.release.xcconfig */ = {isa = PBXFileReference; includeInIndex = 1; lastKnownFileType = text.xcconfig; name = "Pods-WebServicesWithFlicker.release.xcconfig"; path = "Pods/Target Support Files/Pods-WebServicesWithFlicker/Pods-WebServicesWithFlicker.release.xcconfig"; sourceTree = "<group>"; };
		B100C01239D9E525CFDD9B0C /* Pods-WebServicesWithFlicker.debug.xcconfig */ = {isa = PBXFileReference; includeInIndex = 1; lastKnownFileType = text.xcconfig; name = "Pods-WebServicesWithFlicker.debug.xcconfig"; path = "Pods/Target Support Files/Pods-WebServicesWithFlicker/Pods-WebServicesWithFlicker.debug.xcconfig"; sourceTree = "<group>"; };
/* End PBXFileReference section */

/* Begin PBXFrameworksBuildPhase section */
		3498880F219F6BA800E83AC2 /* Frameworks */ = {
			isa = PBXFrameworksBuildPhase;
			buildActionMask = 2147483647;
			files = (
				A2468BCD92394151DC295E03 /* Pods_WebServicesWithFlicker.framework in Frameworks */,
			);
			runOnlyForDeploymentPostprocessing = 0;
		};
/* End PBXFrameworksBuildPhase section */

/* Begin PBXGroup section */
		2D3B805F7E20B4A47F875883 /* Pods */ = {
			isa = PBXGroup;
			children = (
				B100C01239D9E525CFDD9B0C /* Pods-WebServicesWithFlicker.debug.xcconfig */,
				37429E820183C2DF719B18E6 /* Pods-WebServicesWithFlicker.release.xcconfig */,
			);
			name = Pods;
			sourceTree = "<group>";
		};
		34988809219F6BA800E83AC2 = {
			isa = PBXGroup;
			children = (
				34988814219F6BA800E83AC2 /* WebServicesWithFlicker */,
				34988813219F6BA800E83AC2 /* Products */,
				2D3B805F7E20B4A47F875883 /* Pods */,
				71D754838966CB765DF58D4A /* Frameworks */,
			);
			sourceTree = "<group>";
		};
		34988813219F6BA800E83AC2 /* Products */ = {
			isa = PBXGroup;
			children = (
				34988812219F6BA800E83AC2 /* WebServicesWithFlicker.app */,
			);
			name = Products;
			sourceTree = "<group>";
		};
		34988814219F6BA800E83AC2 /* WebServicesWithFlicker */ = {
			isa = PBXGroup;
			children = (
				34988815219F6BA800E83AC2 /* AppDelegate.swift */,
				3498882D219F757D00E83AC2 /* Models */,
				3498883321A08E1900E83AC2 /* TableViewCells */,
				34988829219F6D4D00E83AC2 /* ViewControllers */,
				34988830219F77AA00E83AC2 /* ViewModels */,
				3498882A219F6D6700E83AC2 /* Storyboards */,
				3498881C219F6BA900E83AC2 /* Assets.xcassets */,
				3498881E219F6BA900E83AC2 /* LaunchScreen.storyboard */,
				34988821219F6BA900E83AC2 /* Info.plist */,
			);
			path = WebServicesWithFlicker;
			sourceTree = "<group>";
		};
		34988829219F6D4D00E83AC2 /* ViewControllers */ = {
			isa = PBXGroup;
			children = (
				34988817219F6BA800E83AC2 /* FlickerPhotosTableViewController.swift */,
			);
			path = ViewControllers;
			sourceTree = "<group>";
		};
		3498882A219F6D6700E83AC2 /* Storyboards */ = {
			isa = PBXGroup;
			children = (
				34988819219F6BA800E83AC2 /* FlickerPhotosTableViewController.storyboard */,
			);
			path = Storyboards;
			sourceTree = "<group>";
		};
		3498882D219F757D00E83AC2 /* Models */ = {
			isa = PBXGroup;
			children = (
				3498882B219F6D9700E83AC2 /* PhotosModel.swift */,
				3498883421A0A1B300E83AC2 /* PhotosRealmModel.swift */,
			);
			path = Models;
			sourceTree = "<group>";
		};
		34988830219F77AA00E83AC2 /* ViewModels */ = {
			isa = PBXGroup;
			children = (
				3498882E219F77A000E83AC2 /* FlickerViewModel.swift */,
			);
			path = ViewModels;
			sourceTree = "<group>";
		};
		3498883321A08E1900E83AC2 /* TableViewCells */ = {
			isa = PBXGroup;
			children = (
				3498883121A08E1200E83AC2 /* PhotoDetailsTableViewCell.swift */,
			);
			path = TableViewCells;
			sourceTree = "<group>";
		};
		71D754838966CB765DF58D4A /* Frameworks */ = {
			isa = PBXGroup;
			children = (
				1300B1EB183CB411D6F79BC8 /* Pods_WebServicesWithFlicker.framework */,
			);
			name = Frameworks;
			sourceTree = "<group>";
		};
/* End PBXGroup section */

/* Begin PBXNativeTarget section */
		34988811219F6BA800E83AC2 /* WebServicesWithFlicker */ = {
			isa = PBXNativeTarget;
			buildConfigurationList = 34988824219F6BA900E83AC2 /* Build configuration list for PBXNativeTarget "WebServicesWithFlicker" */;
			buildPhases = (
				B9380635E6FB200C357102AD /* [CP] Check Pods Manifest.lock */,
				3498880E219F6BA800E83AC2 /* Sources */,
				3498880F219F6BA800E83AC2 /* Frameworks */,
				34988810219F6BA800E83AC2 /* Resources */,
				90BE1C34816C8E47DBE6DD63 /* [CP] Embed Pods Frameworks */,
			);
			buildRules = (
			);
			dependencies = (
			);
			name = WebServicesWithFlicker;
			productName = WebServicesWithFlicker;
			productReference = 34988812219F6BA800E83AC2 /* WebServicesWithFlicker.app */;
			productType = "com.apple.product-type.application";
		};
/* End PBXNativeTarget section */

/* Begin PBXProject section */
		3498880A219F6BA800E83AC2 /* Project object */ = {
			isa = PBXProject;
			attributes = {
				LastSwiftUpdateCheck = 1010;
				LastUpgradeCheck = 1010;
				ORGANIZATIONNAME = "Abhilash Reddy";
				TargetAttributes = {
					34988811219F6BA800E83AC2 = {
						CreatedOnToolsVersion = 10.1;
					};
				};
			};
			buildConfigurationList = 3498880D219F6BA800E83AC2 /* Build configuration list for PBXProject "WebServicesWithFlicker" */;
			compatibilityVersion = "Xcode 9.3";
			developmentRegion = en;
			hasScannedForEncodings = 0;
			knownRegions = (
				en,
				Base,
			);
			mainGroup = 34988809219F6BA800E83AC2;
			productRefGroup = 34988813219F6BA800E83AC2 /* Products */;
			projectDirPath = "";
			projectRoot = "";
			targets = (
				34988811219F6BA800E83AC2 /* WebServicesWithFlicker */,
			);
		};
/* End PBXProject section */

/* Begin PBXResourcesBuildPhase section */
		34988810219F6BA800E83AC2 /* Resources */ = {
			isa = PBXResourcesBuildPhase;
			buildActionMask = 2147483647;
			files = (
				34988820219F6BA900E83AC2 /* LaunchScreen.storyboard in Resources */,
				3498881D219F6BA900E83AC2 /* Assets.xcassets in Resources */,
				3498881B219F6BA800E83AC2 /* FlickerPhotosTableViewController.storyboard in Resources */,
			);
			runOnlyForDeploymentPostprocessing = 0;
		};
/* End PBXResourcesBuildPhase section */

/* Begin PBXShellScriptBuildPhase section */
		90BE1C34816C8E47DBE6DD63 /* [CP] Embed Pods Frameworks */ = {
			isa = PBXShellScriptBuildPhase;
			buildActionMask = 2147483647;
			files = (
			);
			inputFileListPaths = (
			);
			inputPaths = (
				"${SRCROOT}/Pods/Target Support Files/Pods-WebServicesWithFlicker/Pods-WebServicesWithFlicker-frameworks.sh",
				"${BUILT_PRODUCTS_DIR}/Realm/Realm.framework",
				"${BUILT_PRODUCTS_DIR}/RealmSwift/RealmSwift.framework",
			);
			name = "[CP] Embed Pods Frameworks";
			outputFileListPaths = (
			);
			outputPaths = (
				"${TARGET_BUILD_DIR}/${FRAMEWORKS_FOLDER_PATH}/Realm.framework",
				"${TARGET_BUILD_DIR}/${FRAMEWORKS_FOLDER_PATH}/RealmSwift.framework",
			);
			runOnlyForDeploymentPostprocessing = 0;
			shellPath = /bin/sh;
			shellScript = "\"${SRCROOT}/Pods/Target Support Files/Pods-WebServicesWithFlicker/Pods-WebServicesWithFlicker-frameworks.sh\"\n";
			showEnvVarsInLog = 0;
		};
		B9380635E6FB200C357102AD /* [CP] Check Pods Manifest.lock */ = {
			isa = PBXShellScriptBuildPhase;
			buildActionMask = 2147483647;
			files = (
			);
			inputFileListPaths = (
			);
			inputPaths = (
				"${PODS_PODFILE_DIR_PATH}/Podfile.lock",
				"${PODS_ROOT}/Manifest.lock",
			);
			name = "[CP] Check Pods Manifest.lock";
			outputFileListPaths = (
			);
			outputPaths = (
				"$(DERIVED_FILE_DIR)/Pods-WebServicesWithFlicker-checkManifestLockResult.txt",
			);
			runOnlyForDeploymentPostprocessing = 0;
			shellPath = /bin/sh;
			shellScript = "diff \"${PODS_PODFILE_DIR_PATH}/Podfile.lock\" \"${PODS_ROOT}/Manifest.lock\" > /dev/null\nif [ $? != 0 ] ; then\n    # print error to STDERR\n    echo \"error: The sandbox is not in sync with the Podfile.lock. Run 'pod install' or update your CocoaPods installation.\" >&2\n    exit 1\nfi\n# This output is used by Xcode 'outputs' to avoid re-running this script phase.\necho \"SUCCESS\" > \"${SCRIPT_OUTPUT_FILE_0}\"\n";
			showEnvVarsInLog = 0;
		};
/* End PBXShellScriptBuildPhase section */

/* Begin PBXSourcesBuildPhase section */
		3498880E219F6BA800E83AC2 /* Sources */ = {
			isa = PBXSourcesBuildPhase;
			buildActionMask = 2147483647;
			files = (
				3498883221A08E1200E83AC2 /* PhotoDetailsTableViewCell.swift in Sources */,
				34988818219F6BA800E83AC2 /* FlickerPhotosTableViewController.swift in Sources */,
				3498882F219F77A000E83AC2 /* FlickerViewModel.swift in Sources */,
				34988816219F6BA800E83AC2 /* AppDelegate.swift in Sources */,
				3498883521A0A1B300E83AC2 /* PhotosRealmModel.swift in Sources */,
				3498882C219F6D9700E83AC2 /* PhotosModel.swift in Sources */,
			);
			runOnlyForDeploymentPostprocessing = 0;
		};
/* End PBXSourcesBuildPhase section */

/* Begin PBXVariantGroup section */
		34988819219F6BA800E83AC2 /* FlickerPhotosTableViewController.storyboard */ = {
			isa = PBXVariantGroup;
			children = (
				3498881A219F6BA800E83AC2 /* Base */,
			);
			name = FlickerPhotosTableViewController.storyboard;
			sourceTree = "<group>";
		};
		3498881E219F6BA900E83AC2 /* LaunchScreen.storyboard */ = {
			isa = PBXVariantGroup;
			children = (
				3498881F219F6BA900E83AC2 /* Base */,
			);
			name = LaunchScreen.storyboard;
			sourceTree = "<group>";
		};
/* End PBXVariantGroup section */

/* Begin XCBuildConfiguration section */
		34988822219F6BA900E83AC2 /* Debug */ = {
			isa = XCBuildConfiguration;
			buildSettings = {
				ALWAYS_SEARCH_USER_PATHS = NO;
				CLANG_ANALYZER_NONNULL = YES;
				CLANG_ANALYZER_NUMBER_OBJECT_CONVERSION = YES_AGGRESSIVE;
				CLANG_CXX_LANGUAGE_STANDARD = "gnu++14";
				CLANG_CXX_LIBRARY = "libc++";
				CLANG_ENABLE_MODULES = YES;
				CLANG_ENABLE_OBJC_ARC = YES;
				CLANG_ENABLE_OBJC_WEAK = YES;
				CLANG_WARN_BLOCK_CAPTURE_AUTORELEASING = YES;
				CLANG_WARN_BOOL_CONVERSION = YES;
				CLANG_WARN_COMMA = YES;
				CLANG_WARN_CONSTANT_CONVERSION = YES;
				CLANG_WARN_DEPRECATED_OBJC_IMPLEMENTATIONS = YES;
				CLANG_WARN_DIRECT_OBJC_ISA_USAGE = YES_ERROR;
				CLANG_WARN_DOCUMENTATION_COMMENTS = YES;
				CLANG_WARN_EMPTY_BODY = YES;
				CLANG_WARN_ENUM_CONVERSION = YES;
				CLANG_WARN_INFINITE_RECURSION = YES;
				CLANG_WARN_INT_CONVERSION = YES;
				CLANG_WARN_NON_LITERAL_NULL_CONVERSION = YES;
				CLANG_WARN_OBJC_IMPLICIT_RETAIN_SELF = YES;
				CLANG_WARN_OBJC_LITERAL_CONVERSION = YES;
				CLANG_WARN_OBJC_ROOT_CLASS = YES_ERROR;
				CLANG_WARN_RANGE_LOOP_ANALYSIS = YES;
				CLANG_WARN_STRICT_PROTOTYPES = YES;
				CLANG_WARN_SUSPICIOUS_MOVE = YES;
				CLANG_WARN_UNGUARDED_AVAILABILITY = YES_AGGRESSIVE;
				CLANG_WARN_UNREACHABLE_CODE = YES;
				CLANG_WARN__DUPLICATE_METHOD_MATCH = YES;
				CODE_SIGN_IDENTITY = "iPhone Developer";
				COPY_PHASE_STRIP = NO;
				DEBUG_INFORMATION_FORMAT = dwarf;
				ENABLE_STRICT_OBJC_MSGSEND = YES;
				ENABLE_TESTABILITY = YES;
				GCC_C_LANGUAGE_STANDARD = gnu11;
				GCC_DYNAMIC_NO_PIC = NO;
				GCC_NO_COMMON_BLOCKS = YES;
				GCC_OPTIMIZATION_LEVEL = 0;
				GCC_PREPROCESSOR_DEFINITIONS = (
					"DEBUG=1",
					"$(inherited)",
				);
				GCC_WARN_64_TO_32_BIT_CONVERSION = YES;
				GCC_WARN_ABOUT_RETURN_TYPE = YES_ERROR;
				GCC_WARN_UNDECLARED_SELECTOR = YES;
				GCC_WARN_UNINITIALIZED_AUTOS = YES_AGGRESSIVE;
				GCC_WARN_UNUSED_FUNCTION = YES;
				GCC_WARN_UNUSED_VARIABLE = YES;
				IPHONEOS_DEPLOYMENT_TARGET = 12.1;
				MTL_ENABLE_DEBUG_INFO = INCLUDE_SOURCE;
				MTL_FAST_MATH = YES;
				ONLY_ACTIVE_ARCH = YES;
				SDKROOT = iphoneos;
				SWIFT_ACTIVE_COMPILATION_CONDITIONS = DEBUG;
				SWIFT_OPTIMIZATION_LEVEL = "-Onone";
			};
			name = Debug;
		};
		34988823219F6BA900E83AC2 /* Release */ = {
			isa = XCBuildConfiguration;
			buildSettings = {
				ALWAYS_SEARCH_USER_PATHS = NO;
				CLANG_ANALYZER_NONNULL = YES;
				CLANG_ANALYZER_NUMBER_OBJECT_CONVERSION = YES_AGGRESSIVE;
				CLANG_CXX_LANGUAGE_STANDARD = "gnu++14";
				CLANG_CXX_LIBRARY = "libc++";
				CLANG_ENABLE_MODULES = YES;
				CLANG_ENABLE_OBJC_ARC = YES;
				CLANG_ENABLE_OBJC_WEAK = YES;
				CLANG_WARN_BLOCK_CAPTURE_AUTORELEASING = YES;
				CLANG_WARN_BOOL_CONVERSION = YES;
				CLANG_WARN_COMMA = YES;
				CLANG_WARN_CONSTANT_CONVERSION = YES;
				CLANG_WARN_DEPRECATED_OBJC_IMPLEMENTATIONS = YES;
				CLANG_WARN_DIRECT_OBJC_ISA_USAGE = YES_ERROR;
				CLANG_WARN_DOCUMENTATION_COMMENTS = YES;
				CLANG_WARN_EMPTY_BODY = YES;
				CLANG_WARN_ENUM_CONVERSION = YES;
				CLANG_WARN_INFINITE_RECURSION = YES;
				CLANG_WARN_INT_CONVERSION = YES;
				CLANG_WARN_NON_LITERAL_NULL_CONVERSION = YES;
				CLANG_WARN_OBJC_IMPLICIT_RETAIN_SELF = YES;
				CLANG_WARN_OBJC_LITERAL_CONVERSION = YES;
				CLANG_WARN_OBJC_ROOT_CLASS = YES_ERROR;
				CLANG_WARN_RANGE_LOOP_ANALYSIS = YES;
				CLANG_WARN_STRICT_PROTOTYPES = YES;
				CLANG_WARN_SUSPICIOUS_MOVE = YES;
				CLANG_WARN_UNGUARDED_AVAILABILITY = YES_AGGRESSIVE;
				CLANG_WARN_UNREACHABLE_CODE = YES;
				CLANG_WARN__DUPLICATE_METHOD_MATCH = YES;
				CODE_SIGN_IDENTITY = "iPhone Developer";
				COPY_PHASE_STRIP = NO;
				DEBUG_INFORMATION_FORMAT = "dwarf-with-dsym";
				ENABLE_NS_ASSERTIONS = NO;
				ENABLE_STRICT_OBJC_MSGSEND = YES;
				GCC_C_LANGUAGE_STANDARD = gnu11;
				GCC_NO_COMMON_BLOCKS = YES;
				GCC_WARN_64_TO_32_BIT_CONVERSION = YES;
				GCC_WARN_ABOUT_RETURN_TYPE = YES_ERROR;
				GCC_WARN_UNDECLARED_SELECTOR = YES;
				GCC_WARN_UNINITIALIZED_AUTOS = YES_AGGRESSIVE;
				GCC_WARN_UNUSED_FUNCTION = YES;
				GCC_WARN_UNUSED_VARIABLE = YES;
				IPHONEOS_DEPLOYMENT_TARGET = 12.1;
				MTL_ENABLE_DEBUG_INFO = NO;
				MTL_FAST_MATH = YES;
				SDKROOT = iphoneos;
				SWIFT_COMPILATION_MODE = wholemodule;
				SWIFT_OPTIMIZATION_LEVEL = "-O";
				VALIDATE_PRODUCT = YES;
			};
			name = Release;
		};
		34988825219F6BA900E83AC2 /* Debug */ = {
			isa = XCBuildConfiguration;
			baseConfigurationReference = B100C01239D9E525CFDD9B0C /* Pods-WebServicesWithFlicker.debug.xcconfig */;
			buildSettings = {
				ASSETCATALOG_COMPILER_APPICON_NAME = AppIcon;
				CODE_SIGN_STYLE = Automatic;
				INFOPLIST_FILE = WebServicesWithFlicker/Info.plist;
				LD_RUNPATH_SEARCH_PATHS = (
					"$(inherited)",
					"@executable_path/Frameworks",
				);
				PRODUCT_BUNDLE_IDENTIFIER = com.abhi.m.iphone.WebServicesWithFlicker;
				PRODUCT_NAME = "$(TARGET_NAME)";
				SWIFT_VERSION = 4.2;
				TARGETED_DEVICE_FAMILY = "1,2";
			};
			name = Debug;
		};
		34988826219F6BA900E83AC2 /* Release */ = {
			isa = XCBuildConfiguration;
			baseConfigurationReference = 37429E820183C2DF719B18E6 /* Pods-WebServicesWithFlicker.release.xcconfig */;
			buildSettings = {
				ASSETCATALOG_COMPILER_APPICON_NAME = AppIcon;
				CODE_SIGN_STYLE = Automatic;
				INFOPLIST_FILE = WebServicesWithFlicker/Info.plist;
				LD_RUNPATH_SEARCH_PATHS = (
					"$(inherited)",
					"@executable_path/Frameworks",
				);
				PRODUCT_BUNDLE_IDENTIFIER = com.abhi.m.iphone.WebServicesWithFlicker;
				PRODUCT_NAME = "$(TARGET_NAME)";
				SWIFT_VERSION = 4.2;
				TARGETED_DEVICE_FAMILY = "1,2";
			};
			name = Release;
		};
/* End XCBuildConfiguration section */

/* Begin XCConfigurationList section */
		3498880D219F6BA800E83AC2 /* Build configuration list for PBXProject "WebServicesWithFlicker" */ = {
			isa = XCConfigurationList;
			buildConfigurations = (
				34988822219F6BA900E83AC2 /* Debug */,
				34988823219F6BA900E83AC2 /* Release */,
			);
			defaultConfigurationIsVisible = 0;
			defaultConfigurationName = Release;
		};
		34988824219F6BA900E83AC2 /* Build configuration list for PBXNativeTarget "WebServicesWithFlicker" */ = {
			isa = XCConfigurationList;
			buildConfigurations = (
				34988825219F6BA900E83AC2 /* Debug */,
				34988826219F6BA900E83AC2 /* Release */,
			);
			defaultConfigurationIsVisible = 0;
			defaultConfigurationName = Release;
		};
/* End XCConfigurationList section */
	};
	rootObject = 3498880A219F6BA800E83AC2 /* Project object */;
}
